
Microsoft Visual Studio Solution File, Format Version 12.00
# Visual Studio Version 16
VisualStudioVersion = 16.0.31410.357
MinimumVisualStudioVersion = 10.0.40219.1
Project("{FAE04EC0-301F-11D3-BF4B-00C04F79EFBC}") = "exempel2", "exempel2\exempel2.csproj", "{DB98F115-D7DF-4E3A-B38B-F82FB69AC5D9}"
EndProject
Global
	GlobalSection(SolutionConfigurationPlatforms) = preSolution
		Debug|Any CPU = Debug|Any CPU
		Release|Any CPU = Release|Any CPU
	EndGlobalSection
	GlobalSection(ProjectConfigurationPlatforms) = postSolution
		{DB98F115-D7DF-4E3A-B38B-F82FB69AC5D9}.Debug|Any CPU.ActiveCfg = Debug|Any CPU
		{DB98F115-D7DF-4E3A-B38B-F82FB69AC5D9}.Debug|Any CPU.Build.0 = Debug|Any CPU
		{DB98F115-D7DF-4E3A-B38B-F82FB69AC5D9}.Release|Any CPU.ActiveCfg = Release|Any CPU
		{DB98F115-D7DF-4E3A-B38B-F82FB69AC5D9}.Release|Any CPU.Build.0 = Release|Any CPU
	EndGlobalSection
	GlobalSection(SolutionProperties) = preSolution
		HideSolutionNode = FALSE
	EndGlobalSection
	GlobalSection(ExtensibilityGlobals) = postSolution
		SolutionGuid = {5DE07846-E77C-4B8D-B356-7678C110328C}
	EndGlobalSection
EndGlobal
